// !$*UTF8*$!
{
	archiveVersion = 1;
	classes = {
	};
	objectVersion = 56;
	objects = {

/* Begin PBXBuildFile section */
		A139B2952B72638C00AFB93B /* AppDelegate.swift in Sources */ = {isa = PBXBuildFile; fileRef = A139B2942B72638C00AFB93B /* AppDelegate.swift */; };
		A139B2972B72638C00AFB93B /* SceneDelegate.swift in Sources */ = {isa = PBXBuildFile; fileRef = A139B2962B72638C00AFB93B /* SceneDelegate.swift */; };
		A139B29F2B72638C00AFB93B /* TransferApp_POP.xcdatamodeld in Sources */ = {isa = PBXBuildFile; fileRef = A139B29D2B72638C00AFB93B /* TransferApp_POP.xcdatamodeld */; };
		A139B2A12B72638D00AFB93B /* Assets.xcassets in Resources */ = {isa = PBXBuildFile; fileRef = A139B2A02B72638D00AFB93B /* Assets.xcassets */; };
		A139B2A42B72638D00AFB93B /* LaunchScreen.storyboard in Resources */ = {isa = PBXBuildFile; fileRef = A139B2A22B72638D00AFB93B /* LaunchScreen.storyboard */; };
		A139B2B12B72643B00AFB93B /* VisaToVisaTransferVC.swift in Sources */ = {isa = PBXBuildFile; fileRef = A139B2B02B72643B00AFB93B /* VisaToVisaTransferVC.swift */; };
		A139B2B42B72646600AFB93B /* SnapKit in Frameworks */ = {isa = PBXBuildFile; productRef = A139B2B32B72646600AFB93B /* SnapKit */; };
		A139B2B62B72648100AFB93B /* ElcartTransferVC.swift in Sources */ = {isa = PBXBuildFile; fileRef = A139B2B52B72648100AFB93B /* ElcartTransferVC.swift */; };
		A139B2B82B72649D00AFB93B /* SwiftTransferVC.swift in Sources */ = {isa = PBXBuildFile; fileRef = A139B2B72B72649D00AFB93B /* SwiftTransferVC.swift */; };
		A139B2BA2B7264B700AFB93B /* TransferProtocol.swift in Sources */ = {isa = PBXBuildFile; fileRef = A139B2B92B7264B700AFB93B /* TransferProtocol.swift */; };
		A139B2BC2B7264D300AFB93B /* ValidCardProtocol.swift in Sources */ = {isa = PBXBuildFile; fileRef = A139B2BB2B7264D300AFB93B /* ValidCardProtocol.swift */; };
		A139B2BE2B7264E900AFB93B /* CardListsVC.swift in Sources */ = {isa = PBXBuildFile; fileRef = A139B2BD2B7264E900AFB93B /* CardListsVC.swift */; };
		A139B2C02B72650800AFB93B /* SuccessPageVC.swift in Sources */ = {isa = PBXBuildFile; fileRef = A139B2BF2B72650800AFB93B /* SuccessPageVC.swift */; };
/* End PBXBuildFile section */

/* Begin PBXFileReference section */
		A139B2912B72638C00AFB93B /* TransferApp_POP.app */ = {isa = PBXFileReference; explicitFileType = wrapper.application; includeInIndex = 0; path = TransferApp_POP.app; sourceTree = BUILT_PRODUCTS_DIR; };
		A139B2942B72638C00AFB93B /* AppDelegate.swift */ = {isa = PBXFileReference; lastKnownFileType = sourcecode.swift; path = AppDelegate.swift; sourceTree = "<group>"; };
		A139B2962B72638C00AFB93B /* SceneDelegate.swift */ = {isa = PBXFileReference; lastKnownFileType = sourcecode.swift; path = SceneDelegate.swift; sourceTree = "<group>"; };
		A139B29E2B72638C00AFB93B /* TransferApp_POP.xcdatamodel */ = {isa = PBXFileReference; lastKnownFileType = wrapper.xcdatamodel; path = TransferApp_POP.xcdatamodel; sourceTree = "<group>"; };
		A139B2A02B72638D00AFB93B /* Assets.xcassets */ = {isa = PBXFileReference; lastKnownFileType = folder.assetcatalog; path = Assets.xcassets; sourceTree = "<group>"; };
		A139B2A32B72638D00AFB93B /* Base */ = {isa = PBXFileReference; lastKnownFileType = file.storyboard; name = Base; path = Base.lproj/LaunchScreen.storyboard; sourceTree = "<group>"; };
		A139B2A52B72638D00AFB93B /* Info.plist */ = {isa = PBXFileReference; lastKnownFileType = text.plist.xml; path = Info.plist; sourceTree = "<group>"; };
		A139B2B02B72643B00AFB93B /* VisaToVisaTransferVC.swift */ = {isa = PBXFileReference; lastKnownFileType = sourcecode.swift; path = VisaToVisaTransferVC.swift; sourceTree = "<group>"; };
		A139B2B52B72648100AFB93B /* ElcartTransferVC.swift */ = {isa = PBXFileReference; lastKnownFileType = sourcecode.swift; path = ElcartTransferVC.swift; sourceTree = "<group>"; };
		A139B2B72B72649D00AFB93B /* SwiftTransferVC.swift */ = {isa = PBXFileReference; lastKnownFileType = sourcecode.swift; path = SwiftTransferVC.swift; sourceTree = "<group>"; };
		A139B2B92B7264B700AFB93B /* TransferProtocol.swift */ = {isa = PBXFileReference; lastKnownFileType = sourcecode.swift; path = TransferProtocol.swift; sourceTree = "<group>"; };
		A139B2BB2B7264D300AFB93B /* ValidCardProtocol.swift */ = {isa = PBXFileReference; lastKnownFileType = sourcecode.swift; path = ValidCardProtocol.swift; sourceTree = "<group>"; };
		A139B2BD2B7264E900AFB93B /* CardListsVC.swift */ = {isa = PBXFileReference; lastKnownFileType = sourcecode.swift; path = CardListsVC.swift; sourceTree = "<group>"; };
		A139B2BF2B72650800AFB93B /* SuccessPageVC.swift */ = {isa = PBXFileReference; lastKnownFileType = sourcecode.swift; path = SuccessPageVC.swift; sourceTree = "<group>"; };
/* End PBXFileReference section */

/* Begin PBXFrameworksBuildPhase section */
		A139B28E2B72638C00AFB93B /* Frameworks */ = {
			isa = PBXFrameworksBuildPhase;
			buildActionMask = 2147483647;
			files = (
				A139B2B42B72646600AFB93B /* SnapKit in Frameworks */,
			);
			runOnlyForDeploymentPostprocessing = 0;
		};
/* End PBXFrameworksBuildPhase section */

/* Begin PBXGroup section */
		A139B2882B72638C00AFB93B = {
			isa = PBXGroup;
			children = (
				A139B2932B72638C00AFB93B /* TransferApp_POP */,
				A139B2922B72638C00AFB93B /* Products */,
			);
			sourceTree = "<group>";
		};
		A139B2922B72638C00AFB93B /* Products */ = {
			isa = PBXGroup;
			children = (
				A139B2912B72638C00AFB93B /* TransferApp_POP.app */,
			);
			name = Products;
			sourceTree = "<group>";
		};
		A139B2932B72638C00AFB93B /* TransferApp_POP */ = {
			isa = PBXGroup;
			children = (
				A139B2AF2B72641A00AFB93B /* cardVC */,
				A139B2AE2B72640C00AFB93B /* protocols */,
				A139B2AD2B7263CD00AFB93B /* common */,
				A139B2AC2B7263B600AFB93B /* recources */,
				A139B2AB2B7263A100AFB93B /* delegate */,
				A139B2A52B72638D00AFB93B /* Info.plist */,
				A139B29D2B72638C00AFB93B /* TransferApp_POP.xcdatamodeld */,
			);
			path = TransferApp_POP;
			sourceTree = "<group>";
		};
		A139B2AB2B7263A100AFB93B /* delegate */ = {
			isa = PBXGroup;
			children = (
				A139B2962B72638C00AFB93B /* SceneDelegate.swift */,
				A139B2942B72638C00AFB93B /* AppDelegate.swift */,
			);
			path = delegate;
			sourceTree = "<group>";
		};
		A139B2AC2B7263B600AFB93B /* recources */ = {
			isa = PBXGroup;
			children = (
				A139B2A22B72638D00AFB93B /* LaunchScreen.storyboard */,
				A139B2A02B72638D00AFB93B /* Assets.xcassets */,
			);
			path = recources;
			sourceTree = "<group>";
		};
		A139B2AD2B7263CD00AFB93B /* common */ = {
			isa = PBXGroup;
			children = (
				A139B2BD2B7264E900AFB93B /* CardListsVC.swift */,
				A139B2BF2B72650800AFB93B /* SuccessPageVC.swift */,
			);
			path = common;
			sourceTree = "<group>";
		};
		A139B2AE2B72640C00AFB93B /* protocols */ = {
			isa = PBXGroup;
			children = (
				A139B2B92B7264B700AFB93B /* TransferProtocol.swift */,
				A139B2BB2B7264D300AFB93B /* ValidCardProtocol.swift */,
			);
			path = protocols;
			sourceTree = "<group>";
		};
		A139B2AF2B72641A00AFB93B /* cardVC */ = {
			isa = PBXGroup;
			children = (
				A139B2B02B72643B00AFB93B /* VisaToVisaTransferVC.swift */,
				A139B2B52B72648100AFB93B /* ElcartTransferVC.swift */,
				A139B2B72B72649D00AFB93B /* SwiftTransferVC.swift */,
			);
			path = cardVC;
			sourceTree = "<group>";
		};
/* End PBXGroup section */

/* Begin PBXNativeTarget section */
		A139B2902B72638C00AFB93B /* TransferApp_POP */ = {
			isa = PBXNativeTarget;
			buildConfigurationList = A139B2A82B72638D00AFB93B /* Build configuration list for PBXNativeTarget "TransferApp_POP" */;
			buildPhases = (
				A139B28D2B72638C00AFB93B /* Sources */,
				A139B28E2B72638C00AFB93B /* Frameworks */,
				A139B28F2B72638C00AFB93B /* Resources */,
			);
			buildRules = (
			);
			dependencies = (
			);
			name = TransferApp_POP;
			packageProductDependencies = (
				A139B2B32B72646600AFB93B /* SnapKit */,
			);
			productName = TransferApp_POP;
			productReference = A139B2912B72638C00AFB93B /* TransferApp_POP.app */;
			productType = "com.apple.product-type.application";
		};
/* End PBXNativeTarget section */

/* Begin PBXProject section */
		A139B2892B72638C00AFB93B /* Project object */ = {
			isa = PBXProject;
			attributes = {
				BuildIndependentTargetsInParallel = 1;
				LastSwiftUpdateCheck = 1520;
				LastUpgradeCheck = 1520;
				TargetAttributes = {
					A139B2902B72638C00AFB93B = {
						CreatedOnToolsVersion = 15.2;
					};
				};
			};
			buildConfigurationList = A139B28C2B72638C00AFB93B /* Build configuration list for PBXProject "TransferApp_POP" */;
			compatibilityVersion = "Xcode 14.0";
			developmentRegion = en;
			hasScannedForEncodings = 0;
			knownRegions = (
				en,
				Base,
			);
			mainGroup = A139B2882B72638C00AFB93B;
			packageReferences = (
				A139B2B22B72646600AFB93B /* XCRemoteSwiftPackageReference "SnapKit" */,
			);
			productRefGroup = A139B2922B72638C00AFB93B /* Products */;
			projectDirPath = "";
			projectRoot = "";
			targets = (
				A139B2902B72638C00AFB93B /* TransferApp_POP */,
			);
		};
/* End PBXProject section */

/* Begin PBXResourcesBuildPhase section */
		A139B28F2B72638C00AFB93B /* Resources */ = {
			isa = PBXResourcesBuildPhase;
			buildActionMask = 2147483647;
			files = (
				A139B2A42B72638D00AFB93B /* LaunchScreen.storyboard in Resources */,
				A139B2A12B72638D00AFB93B /* Assets.xcassets in Resources */,
			);
			runOnlyForDeploymentPostprocessing = 0;
		};
/* End PBXResourcesBuildPhase section */

/* Begin PBXSourcesBuildPhase section */
		A139B28D2B72638C00AFB93B /* Sources */ = {
			isa = PBXSourcesBuildPhase;
			buildActionMask = 2147483647;
			files = (
				A139B2BE2B7264E900AFB93B /* CardListsVC.swift in Sources */,
				A139B2BA2B7264B700AFB93B /* TransferProtocol.swift in Sources */,
				A139B2B12B72643B00AFB93B /* VisaToVisaTransferVC.swift in Sources */,
				A139B2BC2B7264D300AFB93B /* ValidCardProtocol.swift in Sources */,
				A139B2C02B72650800AFB93B /* SuccessPageVC.swift in Sources */,
				A139B29F2B72638C00AFB93B /* TransferApp_POP.xcdatamodeld in Sources */,
				A139B2952B72638C00AFB93B /* AppDelegate.swift in Sources */,
				A139B2B82B72649D00AFB93B /* SwiftTransferVC.swift in Sources */,
				A139B2B62B72648100AFB93B /* ElcartTransferVC.swift in Sources */,
				A139B2972B72638C00AFB93B /* SceneDelegate.swift in Sources */,
			);
			runOnlyForDeploymentPostprocessing = 0;
		};
/* End PBXSourcesBuildPhase section */

/* Begin PBXVariantGroup section */
		A139B2A22B72638D00AFB93B /* LaunchScreen.storyboard */ = {
			isa = PBXVariantGroup;
			children = (
				A139B2A32B72638D00AFB93B /* Base */,
			);
			name = LaunchScreen.storyboard;
			sourceTree = "<group>";
		};
/* End PBXVariantGroup section */

/* Begin XCBuildConfiguration section */
		A139B2A62B72638D00AFB93B /* Debug */ = {
			isa = XCBuildConfiguration;
			buildSettings = {
				ALWAYS_SEARCH_USER_PATHS = NO;
				ASSETCATALOG_COMPILER_GENERATE_SWIFT_ASSET_SYMBOL_EXTENSIONS = YES;
				CLANG_ANALYZER_NONNULL = YES;
				CLANG_ANALYZER_NUMBER_OBJECT_CONVERSION = YES_AGGRESSIVE;
				CLANG_CXX_LANGUAGE_STANDARD = "gnu++20";
				CLANG_ENABLE_MODULES = YES;
				CLANG_ENABLE_OBJC_ARC = YES;
				CLANG_ENABLE_OBJC_WEAK = YES;
				CLANG_WARN_BLOCK_CAPTURE_AUTORELEASING = YES;
				CLANG_WARN_BOOL_CONVERSION = YES;
				CLANG_WARN_COMMA = YES;
				CLANG_WARN_CONSTANT_CONVERSION = YES;
				CLANG_WARN_DEPRECATED_OBJC_IMPLEMENTATIONS = YES;
				CLANG_WARN_DIRECT_OBJC_ISA_USAGE = YES_ERROR;
				CLANG_WARN_DOCUMENTATION_COMMENTS = YES;
				CLANG_WARN_EMPTY_BODY = YES;
				CLANG_WARN_ENUM_CONVERSION = YES;
				CLANG_WARN_INFINITE_RECURSION = YES;
				CLANG_WARN_INT_CONVERSION = YES;
				CLANG_WARN_NON_LITERAL_NULL_CONVERSION = YES;
				CLANG_WARN_OBJC_IMPLICIT_RETAIN_SELF = YES;
				CLANG_WARN_OBJC_LITERAL_CONVERSION = YES;
				CLANG_WARN_OBJC_ROOT_CLASS = YES_ERROR;
				CLANG_WARN_QUOTED_INCLUDE_IN_FRAMEWORK_HEADER = YES;
				CLANG_WARN_RANGE_LOOP_ANALYSIS = YES;
				CLANG_WARN_STRICT_PROTOTYPES = YES;
				CLANG_WARN_SUSPICIOUS_MOVE = YES;
				CLANG_WARN_UNGUARDED_AVAILABILITY = YES_AGGRESSIVE;
				CLANG_WARN_UNREACHABLE_CODE = YES;
				CLANG_WARN__DUPLICATE_METHOD_MATCH = YES;
				COPY_PHASE_STRIP = NO;
				DEBUG_INFORMATION_FORMAT = dwarf;
				ENABLE_STRICT_OBJC_MSGSEND = YES;
				ENABLE_TESTABILITY = YES;
				ENABLE_USER_SCRIPT_SANDBOXING = YES;
				GCC_C_LANGUAGE_STANDARD = gnu17;
				GCC_DYNAMIC_NO_PIC = NO;
				GCC_NO_COMMON_BLOCKS = YES;
				GCC_OPTIMIZATION_LEVEL = 0;
				GCC_PREPROCESSOR_DEFINITIONS = (
					"DEBUG=1",
					"$(inherited)",
				);
				GCC_WARN_64_TO_32_BIT_CONVERSION = YES;
				GCC_WARN_ABOUT_RETURN_TYPE = YES_ERROR;
				GCC_WARN_UNDECLARED_SELECTOR = YES;
				GCC_WARN_UNINITIALIZED_AUTOS = YES_AGGRESSIVE;
				GCC_WARN_UNUSED_FUNCTION = YES;
				GCC_WARN_UNUSED_VARIABLE = YES;
				IPHONEOS_DEPLOYMENT_TARGET = 17.2;
				LOCALIZATION_PREFERS_STRING_CATALOGS = YES;
				MTL_ENABLE_DEBUG_INFO = INCLUDE_SOURCE;
				MTL_FAST_MATH = YES;
				ONLY_ACTIVE_ARCH = YES;
				SDKROOT = iphoneos;
				SWIFT_ACTIVE_COMPILATION_CONDITIONS = "DEBUG $(inherited)";
				SWIFT_OPTIMIZATION_LEVEL = "-Onone";
			};
			name = Debug;
		};
		A139B2A72B72638D00AFB93B /* Release */ = {
			isa = XCBuildConfiguration;
			buildSettings = {
				ALWAYS_SEARCH_USER_PATHS = NO;
				ASSETCATALOG_COMPILER_GENERATE_SWIFT_ASSET_SYMBOL_EXTENSIONS = YES;
				CLANG_ANALYZER_NONNULL = YES;
				CLANG_ANALYZER_NUMBER_OBJECT_CONVERSION = YES_AGGRESSIVE;
				CLANG_CXX_LANGUAGE_STANDARD = "gnu++20";
				CLANG_ENABLE_MODULES = YES;
				CLANG_ENABLE_OBJC_ARC = YES;
				CLANG_ENABLE_OBJC_WEAK = YES;
				CLANG_WARN_BLOCK_CAPTURE_AUTORELEASING = YES;
				CLANG_WARN_BOOL_CONVERSION = YES;
				CLANG_WARN_COMMA = YES;
				CLANG_WARN_CONSTANT_CONVERSION = YES;
				CLANG_WARN_DEPRECATED_OBJC_IMPLEMENTATIONS = YES;
				CLANG_WARN_DIRECT_OBJC_ISA_USAGE = YES_ERROR;
				CLANG_WARN_DOCUMENTATION_COMMENTS = YES;
				CLANG_WARN_EMPTY_BODY = YES;
				CLANG_WARN_ENUM_CONVERSION = YES;
				CLANG_WARN_INFINITE_RECURSION = YES;
				CLANG_WARN_INT_CONVERSION = YES;
				CLANG_WARN_NON_LITERAL_NULL_CONVERSION = YES;
				CLANG_WARN_OBJC_IMPLICIT_RETAIN_SELF = YES;
				CLANG_WARN_OBJC_LITERAL_CONVERSION = YES;
				CLANG_WARN_OBJC_ROOT_CLASS = YES_ERROR;
				CLANG_WARN_QUOTED_INCLUDE_IN_FRAMEWORK_HEADER = YES;
				CLANG_WARN_RANGE_LOOP_ANALYSIS = YES;
				CLANG_WARN_STRICT_PROTOTYPES = YES;
				CLANG_WARN_SUSPICIOUS_MOVE = YES;
				CLANG_WARN_UNGUARDED_AVAILABILITY = YES_AGGRESSIVE;
				CLANG_WARN_UNREACHABLE_CODE = YES;
				CLANG_WARN__DUPLICATE_METHOD_MATCH = YES;
				COPY_PHASE_STRIP = NO;
				DEBUG_INFORMATION_FORMAT = "dwarf-with-dsym";
				ENABLE_NS_ASSERTIONS = NO;
				ENABLE_STRICT_OBJC_MSGSEND = YES;
				ENABLE_USER_SCRIPT_SANDBOXING = YES;
				GCC_C_LANGUAGE_STANDARD = gnu17;
				GCC_NO_COMMON_BLOCKS = YES;
				GCC_WARN_64_TO_32_BIT_CONVERSION = YES;
				GCC_WARN_ABOUT_RETURN_TYPE = YES_ERROR;
				GCC_WARN_UNDECLARED_SELECTOR = YES;
				GCC_WARN_UNINITIALIZED_AUTOS = YES_AGGRESSIVE;
				GCC_WARN_UNUSED_FUNCTION = YES;
				GCC_WARN_UNUSED_VARIABLE = YES;
				IPHONEOS_DEPLOYMENT_TARGET = 17.2;
				LOCALIZATION_PREFERS_STRING_CATALOGS = YES;
				MTL_ENABLE_DEBUG_INFO = NO;
				MTL_FAST_MATH = YES;
				SDKROOT = iphoneos;
				SWIFT_COMPILATION_MODE = wholemodule;
				VALIDATE_PRODUCT = YES;
			};
			name = Release;
		};
		A139B2A92B72638D00AFB93B /* Debug */ = {
			isa = XCBuildConfiguration;
			buildSettings = {
				ASSETCATALOG_COMPILER_APPICON_NAME = AppIcon;
				ASSETCATALOG_COMPILER_GLOBAL_ACCENT_COLOR_NAME = AccentColor;
				CODE_SIGN_STYLE = Automatic;
				CURRENT_PROJECT_VERSION = 1;
				DEVELOPMENT_TEAM = LH7FMGZ75D;
				GENERATE_INFOPLIST_FILE = YES;
				INFOPLIST_FILE = TransferApp_POP/Info.plist;
				INFOPLIST_KEY_UIApplicationSupportsIndirectInputEvents = YES;
				INFOPLIST_KEY_UILaunchStoryboardName = LaunchScreen;
				INFOPLIST_KEY_UISupportedInterfaceOrientations_iPad = "UIInterfaceOrientationPortrait UIInterfaceOrientationPortraitUpsideDown UIInterfaceOrientationLandscapeLeft UIInterfaceOrientationLandscapeRight";
				INFOPLIST_KEY_UISupportedInterfaceOrientations_iPhone = "UIInterfaceOrientationPortrait UIInterfaceOrientationLandscapeLeft UIInterfaceOrientationLandscapeRight";
				LD_RUNPATH_SEARCH_PATHS = (
					"$(inherited)",
					"@executable_path/Frameworks",
				);
				MARKETING_VERSION = 1.0;
				PRODUCT_BUNDLE_IDENTIFIER = "com.aruu.TransferApp-POP";
				PRODUCT_NAME = "$(TARGET_NAME)";
				SWIFT_EMIT_LOC_STRINGS = YES;
				SWIFT_VERSION = 5.0;
				TARGETED_DEVICE_FAMILY = "1,2";
			};
			name = Debug;
		};
		A139B2AA2B72638D00AFB93B /* Release */ = {
			isa = XCBuildConfiguration;
			buildSettings = {
				ASSETCATALOG_COMPILER_APPICON_NAME = AppIcon;
				ASSETCATALOG_COMPILER_GLOBAL_ACCENT_COLOR_NAME = AccentColor;
				CODE_SIGN_STYLE = Automatic;
				CURRENT_PROJECT_VERSION = 1;
				DEVELOPMENT_TEAM = LH7FMGZ75D;
				GENERATE_INFOPLIST_FILE = YES;
				INFOPLIST_FILE = TransferApp_POP/Info.plist;
				INFOPLIST_KEY_UIApplicationSupportsIndirectInputEvents = YES;
				INFOPLIST_KEY_UILaunchStoryboardName = LaunchScreen;
				INFOPLIST_KEY_UISupportedInterfaceOrientations_iPad = "UIInterfaceOrientationPortrait UIInterfaceOrientationPortraitUpsideDown UIInterfaceOrientationLandscapeLeft UIInterfaceOrientationLandscapeRight";
				INFOPLIST_KEY_UISupportedInterfaceOrientations_iPhone = "UIInterfaceOrientationPortrait UIInterfaceOrientationLandscapeLeft UIInterfaceOrientationLandscapeRight";
				LD_RUNPATH_SEARCH_PATHS = (
					"$(inherited)",
					"@executable_path/Frameworks",
				);
				MARKETING_VERSION = 1.0;
				PRODUCT_BUNDLE_IDENTIFIER = "com.aruu.TransferApp-POP";
				PRODUCT_NAME = "$(TARGET_NAME)";
				SWIFT_EMIT_LOC_STRINGS = YES;
				SWIFT_VERSION = 5.0;
				TARGETED_DEVICE_FAMILY = "1,2";
			};
			name = Release;
		};
/* End XCBuildConfiguration section */

/* Begin XCConfigurationList section */
		A139B28C2B72638C00AFB93B /* Build configuration list for PBXProject "TransferApp_POP" */ = {
			isa = XCConfigurationList;
			buildConfigurations = (
				A139B2A62B72638D00AFB93B /* Debug */,
				A139B2A72B72638D00AFB93B /* Release */,
			);
			defaultConfigurationIsVisible = 0;
			defaultConfigurationName = Release;
		};
		A139B2A82B72638D00AFB93B /* Build configuration list for PBXNativeTarget "TransferApp_POP" */ = {
			isa = XCConfigurationList;
			buildConfigurations = (
				A139B2A92B72638D00AFB93B /* Debug */,
				A139B2AA2B72638D00AFB93B /* Release */,
			);
			defaultConfigurationIsVisible = 0;
			defaultConfigurationName = Release;
		};
/* End XCConfigurationList section */

/* Begin XCRemoteSwiftPackageReference section */
		A139B2B22B72646600AFB93B /* XCRemoteSwiftPackageReference "SnapKit" */ = {
			isa = XCRemoteSwiftPackageReference;
			repositoryURL = "https://github.com/SnapKit/SnapKit.git";
			requirement = {
				kind = upToNextMajorVersion;
				minimumVersion = 5.7.0;
			};
		};
/* End XCRemoteSwiftPackageReference section */

/* Begin XCSwiftPackageProductDependency section */
		A139B2B32B72646600AFB93B /* SnapKit */ = {
			isa = XCSwiftPackageProductDependency;
			package = A139B2B22B72646600AFB93B /* XCRemoteSwiftPackageReference "SnapKit" */;
			productName = SnapKit;
		};
/* End XCSwiftPackageProductDependency section */

/* Begin XCVersionGroup section */
		A139B29D2B72638C00AFB93B /* TransferApp_POP.xcdatamodeld */ = {
			isa = XCVersionGroup;
			children = (
				A139B29E2B72638C00AFB93B /* TransferApp_POP.xcdatamodel */,
			);
			currentVersion = A139B29E2B72638C00AFB93B /* TransferApp_POP.xcdatamodel */;
			path = TransferApp_POP.xcdatamodeld;
			sourceTree = "<group>";
			versionGroupType = wrapper.xcdatamodel;
		};
/* End XCVersionGroup section */
	};
	rootObject = A139B2892B72638C00AFB93B /* Project object */;
}
